# This file is automatically @generated by Cargo.
# It is not intended for manual editing.
version = 4

[[package]]
name = "bitflags"
version = "2.11.0"
source = "registry+https://github.com/rust-lang/crates.io-index"
checksum = "843867be96c8daad0d758b57df9392b6d8d271134fce549de6ce169ff98a92af"

[[package]]
name = "simple-dns"
version = "0.9.3"
source = "registry+https://github.com/rust-lang/crates.io-index"
checksum = "dee851d0e5e7af3721faea1843e8015e820a234f81fda3dea9247e15bac9a86a"
dependencies = [
 "bitflags",
]

[[package]]
name = "sinkhole"
version = "0.1.0"
dependencies = [
 "simple-dns",
]
